# THIS IS AN AUTOGENERATED FILE. DO NOT EDIT THIS FILE DIRECTLY.
# yarn lockfile v1


"@actions/core@^2.0.2":
  version "2.0.2"
  resolved "https://registry.yarnpkg.com/@actions/core/-/core-2.0.2.tgz#81c59e1f3437660d2148a064c1ba8e99931f2cf7"
  integrity sha512-Ast1V7yHbGAhplAsuVlnb/5J8Mtr/Zl6byPPL+Qjq3lmfIgWF1ak1iYfF/079cRERiuTALTXkSuEUdZeDCfGtA==
  dependencies:
    "@actions/exec" "^2.0.0"
    "@actions/http-client" "^3.0.1"

"@actions/exec@^2.0.0":
  version "2.0.0"
  resolved "https://registry.yarnpkg.com/@actions/exec/-/exec-2.0.0.tgz#35e829723389f80e362ec2cc415697ec74362ad8"
  integrity sha512-k8ngrX2voJ/RIN6r9xB82NVqKpnMRtxDoiO+g3olkIUpQNqjArXrCQceduQZCQj3P3xm32pChRLqRrtXTlqhIw==
  dependencies:
    "@actions/io" "^2.0.0"

"@actions/http-client@^3.0.1":
  version "3.0.1"
  resolved "https://registry.yarnpkg.com/@actions/http-client/-/http-client-3.0.1.tgz#0ac91c3abf179a401e23d40abf0d7caa92324268"
  integrity sha512-SbGS8c/vySbNO3kjFgSW77n83C4MQx/Yoe+b1hAdpuvfHxnkHzDq2pWljUpAA56Si1Gae/7zjeZsV0CYjmLo/w==
  dependencies:
    tunnel "^0.0.6"
    undici "^5.28.5"

"@actions/io@^2.0.0":
  version "2.0.0"
  resolved "https://registry.yarnpkg.com/@actions/io/-/io-2.0.0.tgz#3ad1271ba3cd515324f2215e8d4c1c0c3864d65b"
  integrity sha512-Jv33IN09XLO+0HS79aaODsvIRyduiF7NY/F6LYeK5oeUmrsz7aFdRphQjFoESF4jS7lMauDOttKALcpapVDIAg==

"@biomejs/biome@2.3.11":
  version "2.3.11"
  resolved "https://registry.yarnpkg.com/@biomejs/biome/-/biome-2.3.11.tgz#a8f3682b3b2c0112e2728f6d51d9c67a6c5521f8"
  integrity sha512-/zt+6qazBWguPG6+eWmiELqO+9jRsMZ/DBU3lfuU2ngtIQYzymocHhKiZRyrbra4aCOoyTg/BmY+6WH5mv9xmQ==
  optionalDependencies:
    "@biomejs/cli-darwin-arm64" "2.3.11"
    "@biomejs/cli-darwin-x64" "2.3.11"
    "@biomejs/cli-linux-arm64" "2.3.11"
    "@biomejs/cli-linux-arm64-musl" "2.3.11"
    "@biomejs/cli-linux-x64" "2.3.11"
    "@biomejs/cli-linux-x64-musl" "2.3.11"
    "@biomejs/cli-win32-arm64" "2.3.11"
    "@biomejs/cli-win32-x64" "2.3.11"

"@biomejs/cli-darwin-arm64@2.3.11":
  version "2.3.11"
  resolved "https://registry.yarnpkg.com/@biomejs/cli-darwin-arm64/-/cli-darwin-arm64-2.3.11.tgz#3aa71d119e7216d66620282121673b95257fcc35"
  integrity sha512-/uXXkBcPKVQY7rc9Ys2CrlirBJYbpESEDme7RKiBD6MmqR2w3j0+ZZXRIL2xiaNPsIMMNhP1YnA+jRRxoOAFrA==

"@biomejs/cli-darwin-x64@2.3.11":
  version "2.3.11"
  resolved "https://registry.yarnpkg.com/@biomejs/cli-darwin-x64/-/cli-darwin-x64-2.3.11.tgz#3003d7c24e4fbba9693fba98692c6386884fedcf"
  integrity sha512-fh7nnvbweDPm2xEmFjfmq7zSUiox88plgdHF9OIW4i99WnXrAC3o2P3ag9judoUMv8FCSUnlwJCM1B64nO5Fbg==

"@biomejs/cli-linux-arm64-musl@2.3.11":
  version "2.3.11"
  resolved "https://registry.yarnpkg.com/@biomejs/cli-linux-arm64-musl/-/cli-linux-arm64-musl-2.3.11.tgz#a17fb411ba8146ba60f3592857b7c49c8f0fe936"
  integrity sha512-XPSQ+XIPZMLaZ6zveQdwNjbX+QdROEd1zPgMwD47zvHV+tCGB88VH+aynyGxAHdzL+Tm/+DtKST5SECs4iwCLg==

"@biomejs/cli-linux-arm64@2.3.11":
  version "2.3.11"
  resolved "https://registry.yarnpkg.com/@biomejs/cli-linux-arm64/-/cli-linux-arm64-2.3.11.tgz#643830d1e53071d594e16b919e88a46fbc5c0b55"
  integrity sha512-l4xkGa9E7Uc0/05qU2lMYfN1H+fzzkHgaJoy98wO+b/7Gl78srbCRRgwYSW+BTLixTBrM6Ede5NSBwt7rd/i6g==

"@biomejs/cli-linux-x64-musl@2.3.11":
  version "2.3.11"
  resolved "https://registry.yarnpkg.com/@biomejs/cli-linux-x64-musl/-/cli-linux-x64-musl-2.3.11.tgz#e9165c6d05f085829ab73a7ea0123a6a9b45dc89"
  integrity sha512-vU7a8wLs5C9yJ4CB8a44r12aXYb8yYgBn+WeyzbMjaCMklzCv1oXr8x+VEyWodgJt9bDmhiaW/I0RHbn7rsNmw==

"@biomejs/cli-linux-x64@2.3.11":
  version "2.3.11"
  resolved "https://registry.yarnpkg.com/@biomejs/cli-linux-x64/-/cli-linux-x64-2.3.11.tgz#3571049b1310132f1d12d67596ea5f39419836d0"
  integrity sha512-/1s9V/H3cSe0r0Mv/Z8JryF5x9ywRxywomqZVLHAoa/uN0eY7F8gEngWKNS5vbbN/BsfpCG5yeBT5ENh50Frxg==

"@biomejs/cli-win32-arm64@2.3.11":
  version "2.3.11"
  resolved "https://registry.yarnpkg.com/@biomejs/cli-win32-arm64/-/cli-win32-arm64-2.3.11.tgz#6769907655cd06938b00d040c6576c2fdf6c34a2"
  integrity sha512-PZQ6ElCOnkYapSsysiTy0+fYX+agXPlWugh6+eQ6uPKI3vKAqNp6TnMhoM3oY2NltSB89hz59o8xIfOdyhi9Iw==

"@biomejs/cli-win32-x64@2.3.11":
  version "2.3.11"
  resolved "https://registry.yarnpkg.com/@biomejs/cli-win32-x64/-/cli-win32-x64-2.3.11.tgz#71ba2fb5505b3b01dd3cf551ef329e0094636125"
  integrity sha512-43VrG813EW+b5+YbDbz31uUsheX+qFKCpXeY9kfdAx+ww3naKxeVkTD9zLIWxUPfJquANMHrmW3wbe/037G0Qg==

"@esbuild/aix-ppc64@0.27.1":
  version "0.27.1"
  resolved "https://registry.yarnpkg.com/@esbuild/aix-ppc64/-/aix-ppc64-0.27.1.tgz#116edcd62c639ed8ab551e57b38251bb28384de4"
  integrity sha512-HHB50pdsBX6k47S4u5g/CaLjqS3qwaOVE5ILsq64jyzgMhLuCuZ8rGzM9yhsAjfjkbgUPMzZEPa7DAp7yz6vuA==

"@esbuild/android-arm64@0.27.1":
  version "0.27.1"
  resolved "https://registry.yarnpkg.com/@esbuild/android-arm64/-/android-arm64-0.27.1.tgz#31c00d864c80f6de1900a11de8a506dbfbb27349"
  integrity sha512-45fuKmAJpxnQWixOGCrS+ro4Uvb4Re9+UTieUY2f8AEc+t7d4AaZ6eUJ3Hva7dtrxAAWHtlEFsXFMAgNnGU9uQ==

"@esbuild/android-arm@0.27.1":
  version "0.27.1"
  resolved "https://registry.yarnpkg.com/@esbuild/android-arm/-/android-arm-0.27.1.tgz#d2b73ab0ba894923a1d1378fd4b15cc20985f436"
  integrity sha512-kFqa6/UcaTbGm/NncN9kzVOODjhZW8e+FRdSeypWe6j33gzclHtwlANs26JrupOntlcWmB0u8+8HZo8s7thHvg==

"@esbuild/android-x64@0.27.1":
  version "0.27.1"
  resolved "https://registry.yarnpkg.com/@esbuild/android-x64/-/android-x64-0.27.1.tgz#d9f74d8278191317250cfe0c15a13f410540b122"
  integrity sha512-LBEpOz0BsgMEeHgenf5aqmn/lLNTFXVfoWMUox8CtWWYK9X4jmQzWjoGoNb8lmAYml/tQ/Ysvm8q7szu7BoxRQ==

"@esbuild/darwin-arm64@0.27.1":
  version "0.27.1"
  resolved "https://registry.yarnpkg.com/@esbuild/darwin-arm64/-/darwin-arm64-0.27.1.tgz#baf6914b8c57ed9d41f9de54023aa3ff9b084680"
  integrity sha512-veg7fL8eMSCVKL7IW4pxb54QERtedFDfY/ASrumK/SbFsXnRazxY4YykN/THYqFnFwJ0aVjiUrVG2PwcdAEqQQ==

"@esbuild/darwin-x64@0.27.1":
  version "0.27.1"
  resolved "https://registry.yarnpkg.com/@esbuild/darwin-x64/-/darwin-x64-0.27.1.tgz#64e37400795f780a76c858a118ff19681a64b4e0"
  integrity sha512-+3ELd+nTzhfWb07Vol7EZ+5PTbJ/u74nC6iv4/lwIU99Ip5uuY6QoIf0Hn4m2HoV0qcnRivN3KSqc+FyCHjoVQ==

"@esbuild/freebsd-arm64@0.27.1":
  version "0.27.1"
  resolved "https://registry.yarnpkg.com/@esbuild/freebsd-arm64/-/freebsd-arm64-0.27.1.tgz#6572f2f235933eee906e070dfaae54488ee60acd"
  integrity sha512-/8Rfgns4XD9XOSXlzUDepG8PX+AVWHliYlUkFI3K3GB6tqbdjYqdhcb4BKRd7C0BhZSoaCxhv8kTcBrcZWP+xg==

"@esbuild/freebsd-x64@0.27.1":
  version "0.27.1"
  resolved "https://registry.yarnpkg.com/@esbuild/freebsd-x64/-/freebsd-x64-0.27.1.tgz#83105dba9cf6ac4f44336799446d7f75c8c3a1e1"
  integrity sha512-GITpD8dK9C+r+5yRT/UKVT36h/DQLOHdwGVwwoHidlnA168oD3uxA878XloXebK4Ul3gDBBIvEdL7go9gCUFzQ==

"@esbuild/linux-arm64@0.27.1":
  version "0.27.1"
  resolved "https://registry.yarnpkg.com/@esbuild/linux-arm64/-/linux-arm64-0.27.1.tgz#035ff647d4498bdf16eb2d82801f73b366477dfa"
  integrity sha512-W9//kCrh/6in9rWIBdKaMtuTTzNj6jSeG/haWBADqLLa9P8O5YSRDzgD5y9QBok4AYlzS6ARHifAb75V6G670Q==

"@esbuild/linux-arm@0.27.1":
  version "0.27.1"
  resolved "https://registry.yarnpkg.com/@esbuild/linux-arm/-/linux-arm-0.27.1.tgz#3516c74d2afbe305582dbb546d60f7978a8ece7f"
  integrity sha512-ieMID0JRZY/ZeCrsFQ3Y3NlHNCqIhTprJfDgSB3/lv5jJZ8FX3hqPyXWhe+gvS5ARMBJ242PM+VNz/ctNj//eA==

"@esbuild/linux-ia32@0.27.1":
  version "0.27.1"
  resolved "https://registry.yarnpkg.com/@esbuild/linux-ia32/-/linux-ia32-0.27.1.tgz#788db5db8ecd3d75dd41c42de0fe8f1fd967a4a7"
  integrity sha512-VIUV4z8GD8rtSVMfAj1aXFahsi/+tcoXXNYmXgzISL+KB381vbSTNdeZHHHIYqFyXcoEhu9n5cT+05tRv13rlw==

"@esbuild/linux-loong64@0.27.1":
  version "0.27.1"
  resolved "https://registry.yarnpkg.com/@esbuild/linux-loong64/-/linux-loong64-0.27.1.tgz#8211f08b146916a6302ec2b8f87ec0cc4b62c49e"
  integrity sha512-l4rfiiJRN7sTNI//ff65zJ9z8U+k6zcCg0LALU5iEWzY+a1mVZ8iWC1k5EsNKThZ7XCQ6YWtsZ8EWYm7r1UEsg==

"@esbuild/linux-mips64el@0.27.1":
  version "0.27.1"
  resolved "https://registry.yarnpkg.com/@esbuild/linux-mips64el/-/linux-mips64el-0.27.1.tgz#cc58586ea83b3f171e727a624e7883a1c3eb4c04"
  integrity sha512-U0bEuAOLvO/DWFdygTHWY8C067FXz+UbzKgxYhXC0fDieFa0kDIra1FAhsAARRJbvEyso8aAqvPdNxzWuStBnA==

"@esbuild/linux-ppc64@0.27.1":
  version "0.27.1"
  resolved "https://registry.yarnpkg.com/@esbuild/linux-ppc64/-/linux-ppc64-0.27.1.tgz#632477bbd98175cf8e53a7c9952d17fb2d6d4115"
  integrity sha512-NzdQ/Xwu6vPSf/GkdmRNsOfIeSGnh7muundsWItmBsVpMoNPVpM61qNzAVY3pZ1glzzAxLR40UyYM23eaDDbYQ==

"@esbuild/linux-riscv64@0.27.1":
  version "0.27.1"
  resolved "https://registry.yarnpkg.com/@esbuild/linux-riscv64/-/linux-riscv64-0.27.1.tgz#35435a82435a8a750edf433b83ac0d10239ac3fe"
  integrity sha512-7zlw8p3IApcsN7mFw0O1Z1PyEk6PlKMu18roImfl3iQHTnr/yAfYv6s4hXPidbDoI2Q0pW+5xeoM4eTCC0UdrQ==

"@esbuild/linux-s390x@0.27.1":
  version "0.27.1"
  resolved "https://registry.yarnpkg.com/@esbuild/linux-s390x/-/linux-s390x-0.27.1.tgz#172edd7086438edacd86c0e2ea25ac9dbb62aac5"
  integrity sha512-cGj5wli+G+nkVQdZo3+7FDKC25Uh4ZVwOAK6A06Hsvgr8WqBBuOy/1s+PUEd/6Je+vjfm6stX0kmib5b/O2Ykw==

"@esbuild/linux-x64@0.27.1":
  version "0.27.1"
  resolved "https://registry.yarnpkg.com/@esbuild/linux-x64/-/linux-x64-0.27.1.tgz#09c771de9e2d8169d5969adf298ae21581f08c7f"
  integrity sha512-z3H/HYI9MM0HTv3hQZ81f+AKb+yEoCRlUby1F80vbQ5XdzEMyY/9iNlAmhqiBKw4MJXwfgsh7ERGEOhrM1niMA==

"@esbuild/netbsd-arm64@0.27.1":
  version "0.27.1"
  resolved "https://registry.yarnpkg.com/@esbuild/netbsd-arm64/-/netbsd-arm64-0.27.1.tgz#475ac0ce7edf109a358b1669f67759de4bcbb7c4"
  integrity sha512-wzC24DxAvk8Em01YmVXyjl96Mr+ecTPyOuADAvjGg+fyBpGmxmcr2E5ttf7Im8D0sXZihpxzO1isus8MdjMCXQ==

"@esbuild/netbsd-x64@0.27.1":
  version "0.27.1"
  resolved "https://registry.yarnpkg.com/@esbuild/netbsd-x64/-/netbsd-x64-0.27.1.tgz#3c31603d592477dc43b63df1ae100000f7fb59d7"
  integrity sha512-1YQ8ybGi2yIXswu6eNzJsrYIGFpnlzEWRl6iR5gMgmsrR0FcNoV1m9k9sc3PuP5rUBLshOZylc9nqSgymI+TYg==

"@esbuild/openbsd-arm64@0.27.1":
  version "0.27.1"
  resolved "https://registry.yarnpkg.com/@esbuild/openbsd-arm64/-/openbsd-arm64-0.27.1.tgz#482067c847665b10d66431e936d4bc5fa8025abf"
  integrity sha512-5Z+DzLCrq5wmU7RDaMDe2DVXMRm2tTDvX2KU14JJVBN2CT/qov7XVix85QoJqHltpvAOZUAc3ndU56HSMWrv8g==

"@esbuild/openbsd-x64@0.27.1":
  version "0.27.1"
  resolved "https://registry.yarnpkg.com/@esbuild/openbsd-x64/-/openbsd-x64-0.27.1.tgz#687a188c2b184e5b671c5f74a6cd6247c0718c52"
  integrity sha512-Q73ENzIdPF5jap4wqLtsfh8YbYSZ8Q0wnxplOlZUOyZy7B4ZKW8DXGWgTCZmF8VWD7Tciwv5F4NsRf6vYlZtqg==

"@esbuild/openharmony-arm64@0.27.1":
  version "0.27.1"
  resolved "https://registry.yarnpkg.com/@esbuild/openharmony-arm64/-/openharmony-arm64-0.27.1.tgz#9929ee7fa8c1db2f33ef4d86198018dac9c1744f"
  integrity sha512-ajbHrGM/XiK+sXM0JzEbJAen+0E+JMQZ2l4RR4VFwvV9JEERx+oxtgkpoKv1SevhjavK2z2ReHk32pjzktWbGg==

"@esbuild/sunos-x64@0.27.1":
  version "0.27.1"
  resolved "https://registry.yarnpkg.com/@esbuild/sunos-x64/-/sunos-x64-0.27.1.tgz#94071a146f313e7394c6424af07b2b564f1f994d"
  integrity sha512-IPUW+y4VIjuDVn+OMzHc5FV4GubIwPnsz6ubkvN8cuhEqH81NovB53IUlrlBkPMEPxvNnf79MGBoz8rZ2iW8HA==

"@esbuild/win32-arm64@0.27.1":
  version "0.27.1"
  resolved "https://registry.yarnpkg.com/@esbuild/win32-arm64/-/win32-arm64-0.27.1.tgz#869fde72a3576fdf48824085d05493fceebe395d"
  integrity sha512-RIVRWiljWA6CdVu8zkWcRmGP7iRRIIwvhDKem8UMBjPql2TXM5PkDVvvrzMtj1V+WFPB4K7zkIGM7VzRtFkjdg==

"@esbuild/win32-ia32@0.27.1":
  version "0.27.1"
  resolved "https://registry.yarnpkg.com/@esbuild/win32-ia32/-/win32-ia32-0.27.1.tgz#31d7585893ed7b54483d0b8d87a4bfeba0ecfff5"
  integrity sha512-2BR5M8CPbptC1AK5JbJT1fWrHLvejwZidKx3UMSF0ecHMa+smhi16drIrCEggkgviBwLYd5nwrFLSl5Kho96RQ==

"@esbuild/win32-x64@0.27.1":
  version "0.27.1"
  resolved "https://registry.yarnpkg.com/@esbuild/win32-x64/-/win32-x64-0.27.1.tgz#5efe5a112938b1180e98c76685ff9185cfa4f16e"
  integrity sha512-d5X6RMYv6taIymSk8JBP+nxv8DQAMY6A51GPgusqLdK9wBz5wWIXy1KjTck6HnjE9hqJzJRdk+1p/t5soSbCtw==

"@fastify/busboy@^2.0.0":
  version "2.1.0"
  resolved "https://registry.yarnpkg.com/@fastify/busboy/-/busboy-2.1.0.tgz#0709e9f4cb252351c609c6e6d8d6779a8d25edff"
  integrity sha512-+KpH+QxZU7O4675t3mnkQKcZZg56u+K/Ct2K+N2AZYNVK8kyeo/bI18tI8aPm3tvNNRyTWfj6s5tnGNlcbQRsA==

"@holiday-jp/holiday_jp@^2.5.1":
  version "2.5.1"
  resolved "https://registry.yarnpkg.com/@holiday-jp/holiday_jp/-/holiday_jp-2.5.1.tgz#ac9f64372304fedd742bbd3d7d70a41bc76848a2"
  integrity sha512-KuXfzsp0xlP830WDZRbsHj99wJzamx4fS55usUJFz+oHZmZ4gJfVdyiyv/rIWK+O7RgfHSi5j5Ajy0ZK/Vlnyg==

esbuild@^0.27.1:
  version "0.27.1"
  resolved "https://registry.yarnpkg.com/esbuild/-/esbuild-0.27.1.tgz#56bf43e6a4b4d2004642ec7c091b78de02b0831a"
  integrity sha512-yY35KZckJJuVVPXpvjgxiCuVEJT67F6zDeVTv4rizyPrfGBUpZQsvmxnN+C371c2esD/hNMjj4tpBhuueLN7aA==
  optionalDependencies:
    "@esbuild/aix-ppc64" "0.27.1"
    "@esbuild/android-arm" "0.27.1"
    "@esbuild/android-arm64" "0.27.1"
    "@esbuild/android-x64" "0.27.1"
    "@esbuild/darwin-arm64" "0.27.1"
    "@esbuild/darwin-x64" "0.27.1"
    "@esbuild/freebsd-arm64" "0.27.1"
    "@esbuild/freebsd-x64" "0.27.1"
    "@esbuild/linux-arm" "0.27.1"
    "@esbuild/linux-arm64" "0.27.1"
    "@esbuild/linux-ia32" "0.27.1"
    "@esbuild/linux-loong64" "0.27.1"
    "@esbuild/linux-mips64el" "0.27.1"
    "@esbuild/linux-ppc64" "0.27.1"
    "@esbuild/linux-riscv64" "0.27.1"
    "@esbuild/linux-s390x" "0.27.1"
    "@esbuild/linux-x64" "0.27.1"
    "@esbuild/netbsd-arm64" "0.27.1"
    "@esbuild/netbsd-x64" "0.27.1"
    "@esbuild/openbsd-arm64" "0.27.1"
    "@esbuild/openbsd-x64" "0.27.1"
    "@esbuild/openharmony-arm64" "0.27.1"
    "@esbuild/sunos-x64" "0.27.1"
    "@esbuild/win32-arm64" "0.27.1"
    "@esbuild/win32-ia32" "0.27.1"
    "@esbuild/win32-x64" "0.27.1"

tunnel@^0.0.6:
  version "0.0.6"
  resolved "https://registry.yarnpkg.com/tunnel/-/tunnel-0.0.6.tgz#72f1314b34a5b192db012324df2cc587ca47f92c"
  integrity sha512-1h/Lnq9yajKY2PEbBadPXj3VxsDDu844OnaAo52UVmIzIvwwtBPIuNvkjuzBlTWpfJyUbG3ez0KSBibQkj4ojg==

typescript@^5.9.3:
  version "5.9.3"
  resolved "https://registry.yarnpkg.com/typescript/-/typescript-5.9.3.tgz#5b4f59e15310ab17a216f5d6cf53ee476ede670f"
  integrity sha512-jl1vZzPDinLr9eUt3J/t7V6FgNEw9QjvBPdysz9KfQDD41fQrC2Y4vKQdiaUpFT4bXlb1RHhLpp8wtm6M5TgSw==

undici@^5.28.5:
  version "5.29.0"
  resolved "https://registry.yarnpkg.com/undici/-/undici-5.29.0.tgz#419595449ae3f2cdcba3580a2e8903399bd1f5a3"
  integrity sha512-raqeBD6NQK4SkWhQzeYKd1KmIG6dllBOTt55Rmkt4HtI9mwdWtJljnrXjAFUBLTSN67HWrOIZ3EPF4kjUw80Bg==
  dependencies:
    "@fastify/busboy" "^2.0.0"
